
Microsoft Visual Studio Solution File, Format Version 12.00
# Visual Studio Version 16
VisualStudioVersion = 16.0.30907.101
MinimumVisualStudioVersion = 10.0.40219.1
Project("{8BC9CEB8-8B4A-11D0-8D11-00A0C91BC942}") = "19 模板", "19 模板\19 模板.vcxproj", "{D12EB79E-544D-4659-8667-65FCF9020139}"
EndProject
Global
	GlobalSection(SolutionConfigurationPlatforms) = preSolution
		Debug|x64 = Debug|x64
		Debug|x86 = Debug|x86
		Release|x64 = Release|x64
		Release|x86 = Release|x86
	EndGlobalSection
	GlobalSection(ProjectConfigurationPlatforms) = postSolution
		{D12EB79E-544D-4659-8667-65FCF9020139}.Debug|x64.ActiveCfg = Debug|x64
		{D12EB79E-544D-4659-8667-65FCF9020139}.Debug|x64.Build.0 = Debug|x64
		{D12EB79E-544D-4659-8667-65FCF9020139}.Debug|x86.ActiveCfg = Debug|Win32
		{D12EB79E-544D-4659-8667-65FCF9020139}.Debug|x86.Build.0 = Debug|Win32
		{D12EB79E-544D-4659-8667-65FCF9020139}.Release|x64.ActiveCfg = Release|x64
		{D12EB79E-544D-4659-8667-65FCF9020139}.Release|x64.Build.0 = Release|x64
		{D12EB79E-544D-4659-8667-65FCF9020139}.Release|x86.ActiveCfg = Release|Win32
		{D12EB79E-544D-4659-8667-65FCF9020139}.Release|x86.Build.0 = Release|Win32
	EndGlobalSection
	GlobalSection(SolutionProperties) = preSolution
		HideSolutionNode = FALSE
	EndGlobalSection
	GlobalSection(ExtensibilityGlobals) = postSolution
		SolutionGuid = {8EB2B925-BA23-4AE5-B55D-28B602137F63}
	EndGlobalSection
EndGlobal
